
Microsoft Visual Studio Solution File, Format Version 12.00
# Visual Studio Version 17
VisualStudioVersion = 17.7.34024.191
MinimumVisualStudioVersion = 10.0.40219.1
Project("{9A19103F-16F7-4668-BE54-9A1E7A4F7556}") = "AdatechTask.Data", "AdatechTask.Data\AdatechTask.Data\AdatechTask.Data.csproj", "{DB2CAF3A-07A9-4F26-BE4C-3EEEABCC7898}"
EndProject
Project("{9A19103F-16F7-4668-BE54-9A1E7A4F7556}") = "AdatechTask.Entities", "AdatechTask.Entities\AdatechTask.Entities\AdatechTask.Entities.csproj", "{3D09C2AD-71A1-45B1-8AE6-C69D31CC7C72}"
EndProject
Project("{9A19103F-16F7-4668-BE54-9A1E7A4F7556}") = "AdatechTask.Services", "AdatechTask.Services\AdatechTask.Services\AdatechTask.Services.csproj", "{F516F6CC-9B26-4D98-8819-FFF60F8D4DEE}"
EndProject
Project("{9A19103F-16F7-4668-BE54-9A1E7A4F7556}") = "AdatechTask.Shared", "AdatechTask.Shared\AdatechTask.Shared\AdatechTask.Shared.csproj", "{FF66957F-4CB3-491D-BE34-ABB7D80B9046}"
EndProject
Project("{FAE04EC0-301F-11D3-BF4B-00C04F79EFBC}") = "AdatechTask.Mvc", "AdatechTask.Mvc\AdatechTask.Mvc\AdatechTask.Mvc.csproj", "{765F9056-5CE5-4715-B63C-96332F0B3488}"
EndProject
Global
	GlobalSection(SolutionConfigurationPlatforms) = preSolution
		Debug|Any CPU = Debug|Any CPU
		Release|Any CPU = Release|Any CPU
	EndGlobalSection
	GlobalSection(ProjectConfigurationPlatforms) = postSolution
		{DB2CAF3A-07A9-4F26-BE4C-3EEEABCC7898}.Debug|Any CPU.ActiveCfg = Debug|Any CPU
		{DB2CAF3A-07A9-4F26-BE4C-3EEEABCC7898}.Debug|Any CPU.Build.0 = Debug|Any CPU
		{DB2CAF3A-07A9-4F26-BE4C-3EEEABCC7898}.Release|Any CPU.ActiveCfg = Release|Any CPU
		{DB2CAF3A-07A9-4F26-BE4C-3EEEABCC7898}.Release|Any CPU.Build.0 = Release|Any CPU
		{3D09C2AD-71A1-45B1-8AE6-C69D31CC7C72}.Debug|Any CPU.ActiveCfg = Debug|Any CPU
		{3D09C2AD-71A1-45B1-8AE6-C69D31CC7C72}.Debug|Any CPU.Build.0 = Debug|Any CPU
		{3D09C2AD-71A1-45B1-8AE6-C69D31CC7C72}.Release|Any CPU.ActiveCfg = Release|Any CPU
		{3D09C2AD-71A1-45B1-8AE6-C69D31CC7C72}.Release|Any CPU.Build.0 = Release|Any CPU
		{F516F6CC-9B26-4D98-8819-FFF60F8D4DEE}.Debug|Any CPU.ActiveCfg = Debug|Any CPU
		{F516F6CC-9B26-4D98-8819-FFF60F8D4DEE}.Debug|Any CPU.Build.0 = Debug|Any CPU
		{F516F6CC-9B26-4D98-8819-FFF60F8D4DEE}.Release|Any CPU.ActiveCfg = Release|Any CPU
		{F516F6CC-9B26-4D98-8819-FFF60F8D4DEE}.Release|Any CPU.Build.0 = Release|Any CPU
		{FF66957F-4CB3-491D-BE34-ABB7D80B9046}.Debug|Any CPU.ActiveCfg = Debug|Any CPU
		{FF66957F-4CB3-491D-BE34-ABB7D80B9046}.Debug|Any CPU.Build.0 = Debug|Any CPU
		{FF66957F-4CB3-491D-BE34-ABB7D80B9046}.Release|Any CPU.ActiveCfg = Release|Any CPU
		{FF66957F-4CB3-491D-BE34-ABB7D80B9046}.Release|Any CPU.Build.0 = Release|Any CPU
		{765F9056-5CE5-4715-B63C-96332F0B3488}.Debug|Any CPU.ActiveCfg = Debug|Any CPU
		{765F9056-5CE5-4715-B63C-96332F0B3488}.Debug|Any CPU.Build.0 = Debug|Any CPU
		{765F9056-5CE5-4715-B63C-96332F0B3488}.Release|Any CPU.ActiveCfg = Release|Any CPU
		{765F9056-5CE5-4715-B63C-96332F0B3488}.Release|Any CPU.Build.0 = Release|Any CPU
	EndGlobalSection
	GlobalSection(SolutionProperties) = preSolution
		HideSolutionNode = FALSE
	EndGlobalSection
	GlobalSection(ExtensibilityGlobals) = postSolution
		SolutionGuid = {06472F95-333F-4247-B66C-14CFCAF754B0}
	EndGlobalSection
EndGlobal
